
Microsoft Visual Studio Solution File, Format Version 12.00
# Visual Studio 15
VisualStudioVersion = 15.0.28307.271
MinimumVisualStudioVersion = 10.0.40219.1
Project("{FAE04EC0-301F-11D3-BF4B-00C04F79EFBC}") = "Gunfire Game", "Gunfire Game\Gunfire Game.csproj", "{8B7B7DE0-DD27-49F2-81DF-6F020F578294}"
EndProject
Global
	GlobalSection(SolutionConfigurationPlatforms) = preSolution
		Debug|Any CPU = Debug|Any CPU
		Release|Any CPU = Release|Any CPU
	EndGlobalSection
	GlobalSection(ProjectConfigurationPlatforms) = postSolution
		{8B7B7DE0-DD27-49F2-81DF-6F020F578294}.Debug|Any CPU.ActiveCfg = Debug|Any CPU
		{8B7B7DE0-DD27-49F2-81DF-6F020F578294}.Debug|Any CPU.Build.0 = Debug|Any CPU
		{8B7B7DE0-DD27-49F2-81DF-6F020F578294}.Release|Any CPU.ActiveCfg = Release|Any CPU
		{8B7B7DE0-DD27-49F2-81DF-6F020F578294}.Release|Any CPU.Build.0 = Release|Any CPU
	EndGlobalSection
	GlobalSection(SolutionProperties) = preSolution
		HideSolutionNode = FALSE
	EndGlobalSection
	GlobalSection(ExtensibilityGlobals) = postSolution
		SolutionGuid = {C8CD8FCA-F43C-43B0-AF99-3604E4688EA4}
	EndGlobalSection
EndGlobal
